
Microsoft Visual Studio Solution File, Format Version 12.00
Project("{2150E333-8FDC-42A3-9474-1A3956D46DE8}") = "Common", "Common", "{3D65C4EE-EE75-43A6-8388-8970B02D65D5}"
EndProject
Project("{FAE04EC0-301F-11D3-BF4B-00C04F79EFBC}") = "Domain", "Domain\Domain.csproj", "{277CC6F1-F0CD-4AF5-B120-B7B2E42AE739}"
EndProject
Project("{2150E333-8FDC-42A3-9474-1A3956D46DE8}") = "FirebaseService", "FirebaseService", "{CBFC68B0-B134-40AD-9353-6C33E295BE59}"
EndProject
Project("{FAE04EC0-301F-11D3-BF4B-00C04F79EFBC}") = "FirebaseDatabase", "FirebaseDatabase\FirebaseDatabase.csproj", "{2F878C5F-5F71-4BDA-BB78-589571CD3A34}"
EndProject
Project("{FAE04EC0-301F-11D3-BF4B-00C04F79EFBC}") = "GrpcServer", "GrpcServer\GrpcServer.csproj", "{020975FB-9664-447B-BD88-78775C59983C}"
EndProject
Project("{2150E333-8FDC-42A3-9474-1A3956D46DE8}") = "Website", "Website", "{644D6FB5-E405-4432-B8DE-57241FC52E5E}"
EndProject
Project("{FAE04EC0-301F-11D3-BF4B-00C04F79EFBC}") = "WebApp", "WebApp\WebApp.csproj", "{5F35CBBC-8F67-469D-8CAE-1C547AB3E98B}"
EndProject
Project("{FAE04EC0-301F-11D3-BF4B-00C04F79EFBC}") = "GrpcClient", "GrpcClient\GrpcClient.csproj", "{DAD60E76-CDF4-44D6-961C-93330D3548CC}"
EndProject
Project("{FAE04EC0-301F-11D3-BF4B-00C04F79EFBC}") = "GrpcService", "GrpcService\GrpcService.csproj", "{99FE3CF5-9268-412F-AFB9-C2684C3A5354}"
EndProject
Project("{FAE04EC0-301F-11D3-BF4B-00C04F79EFBC}") = "RpcContracts", "RpcContracts\RpcContracts.csproj", "{C31002BB-0E8F-45F2-B7E7-450E0B70A4FB}"
EndProject
Project("{FAE04EC0-301F-11D3-BF4B-00C04F79EFBC}") = "FirebaseMS.Utilities", "FirebaseMS.Utilities\FirebaseMS.Utilities.csproj", "{2CF74BD3-0E49-4F4D-806C-A95B71D45802}"
EndProject
Global
	GlobalSection(SolutionConfigurationPlatforms) = preSolution
		Debug|Any CPU = Debug|Any CPU
		Release|Any CPU = Release|Any CPU
	EndGlobalSection
	GlobalSection(ProjectConfigurationPlatforms) = postSolution
		{277CC6F1-F0CD-4AF5-B120-B7B2E42AE739}.Debug|Any CPU.ActiveCfg = Debug|Any CPU
		{277CC6F1-F0CD-4AF5-B120-B7B2E42AE739}.Debug|Any CPU.Build.0 = Debug|Any CPU
		{277CC6F1-F0CD-4AF5-B120-B7B2E42AE739}.Release|Any CPU.ActiveCfg = Release|Any CPU
		{277CC6F1-F0CD-4AF5-B120-B7B2E42AE739}.Release|Any CPU.Build.0 = Release|Any CPU
		{2F878C5F-5F71-4BDA-BB78-589571CD3A34}.Debug|Any CPU.ActiveCfg = Debug|Any CPU
		{2F878C5F-5F71-4BDA-BB78-589571CD3A34}.Debug|Any CPU.Build.0 = Debug|Any CPU
		{2F878C5F-5F71-4BDA-BB78-589571CD3A34}.Release|Any CPU.ActiveCfg = Release|Any CPU
		{2F878C5F-5F71-4BDA-BB78-589571CD3A34}.Release|Any CPU.Build.0 = Release|Any CPU
		{020975FB-9664-447B-BD88-78775C59983C}.Debug|Any CPU.ActiveCfg = Debug|Any CPU
		{020975FB-9664-447B-BD88-78775C59983C}.Debug|Any CPU.Build.0 = Debug|Any CPU
		{020975FB-9664-447B-BD88-78775C59983C}.Release|Any CPU.ActiveCfg = Release|Any CPU
		{020975FB-9664-447B-BD88-78775C59983C}.Release|Any CPU.Build.0 = Release|Any CPU
		{5F35CBBC-8F67-469D-8CAE-1C547AB3E98B}.Debug|Any CPU.ActiveCfg = Debug|Any CPU
		{5F35CBBC-8F67-469D-8CAE-1C547AB3E98B}.Debug|Any CPU.Build.0 = Debug|Any CPU
		{5F35CBBC-8F67-469D-8CAE-1C547AB3E98B}.Release|Any CPU.ActiveCfg = Release|Any CPU
		{5F35CBBC-8F67-469D-8CAE-1C547AB3E98B}.Release|Any CPU.Build.0 = Release|Any CPU
		{DAD60E76-CDF4-44D6-961C-93330D3548CC}.Debug|Any CPU.ActiveCfg = Debug|Any CPU
		{DAD60E76-CDF4-44D6-961C-93330D3548CC}.Debug|Any CPU.Build.0 = Debug|Any CPU
		{DAD60E76-CDF4-44D6-961C-93330D3548CC}.Release|Any CPU.ActiveCfg = Release|Any CPU
		{DAD60E76-CDF4-44D6-961C-93330D3548CC}.Release|Any CPU.Build.0 = Release|Any CPU
		{99FE3CF5-9268-412F-AFB9-C2684C3A5354}.Debug|Any CPU.ActiveCfg = Debug|Any CPU
		{99FE3CF5-9268-412F-AFB9-C2684C3A5354}.Debug|Any CPU.Build.0 = Debug|Any CPU
		{99FE3CF5-9268-412F-AFB9-C2684C3A5354}.Release|Any CPU.ActiveCfg = Release|Any CPU
		{99FE3CF5-9268-412F-AFB9-C2684C3A5354}.Release|Any CPU.Build.0 = Release|Any CPU
		{C31002BB-0E8F-45F2-B7E7-450E0B70A4FB}.Debug|Any CPU.ActiveCfg = Debug|Any CPU
		{C31002BB-0E8F-45F2-B7E7-450E0B70A4FB}.Debug|Any CPU.Build.0 = Debug|Any CPU
		{C31002BB-0E8F-45F2-B7E7-450E0B70A4FB}.Release|Any CPU.ActiveCfg = Release|Any CPU
		{C31002BB-0E8F-45F2-B7E7-450E0B70A4FB}.Release|Any CPU.Build.0 = Release|Any CPU
		{2CF74BD3-0E49-4F4D-806C-A95B71D45802}.Debug|Any CPU.ActiveCfg = Debug|Any CPU
		{2CF74BD3-0E49-4F4D-806C-A95B71D45802}.Debug|Any CPU.Build.0 = Debug|Any CPU
		{2CF74BD3-0E49-4F4D-806C-A95B71D45802}.Release|Any CPU.ActiveCfg = Release|Any CPU
		{2CF74BD3-0E49-4F4D-806C-A95B71D45802}.Release|Any CPU.Build.0 = Release|Any CPU
	EndGlobalSection
	GlobalSection(NestedProjects) = preSolution
		{277CC6F1-F0CD-4AF5-B120-B7B2E42AE739} = {3D65C4EE-EE75-43A6-8388-8970B02D65D5}
		{2F878C5F-5F71-4BDA-BB78-589571CD3A34} = {CBFC68B0-B134-40AD-9353-6C33E295BE59}
		{020975FB-9664-447B-BD88-78775C59983C} = {CBFC68B0-B134-40AD-9353-6C33E295BE59}
		{5F35CBBC-8F67-469D-8CAE-1C547AB3E98B} = {644D6FB5-E405-4432-B8DE-57241FC52E5E}
		{DAD60E76-CDF4-44D6-961C-93330D3548CC} = {644D6FB5-E405-4432-B8DE-57241FC52E5E}
		{99FE3CF5-9268-412F-AFB9-C2684C3A5354} = {3D65C4EE-EE75-43A6-8388-8970B02D65D5}
		{C31002BB-0E8F-45F2-B7E7-450E0B70A4FB} = {3D65C4EE-EE75-43A6-8388-8970B02D65D5}
		{2CF74BD3-0E49-4F4D-806C-A95B71D45802} = {CBFC68B0-B134-40AD-9353-6C33E295BE59}
	EndGlobalSection
EndGlobal
